
Microsoft Visual Studio Solution File, Format Version 12.00
# Visual Studio Version 17
VisualStudioVersion = 17.14.37012.4 d17.14
MinimumVisualStudioVersion = 10.0.40219.1
Project("{FAE04EC0-301F-11D3-BF4B-00C04F79EFBC}") = "ZKTecoGateway", "ZKTecoGateway.csproj", "{61F20371-AF09-1292-C5FE-C4D1107B4E01}"
EndProject
Global
	GlobalSection(SolutionConfigurationPlatforms) = preSolution
		Debug|Any CPU = Debug|Any CPU
		Release|Any CPU = Release|Any CPU
	EndGlobalSection
	GlobalSection(ProjectConfigurationPlatforms) = postSolution
		{61F20371-AF09-1292-C5FE-C4D1107B4E01}.Debug|Any CPU.ActiveCfg = Debug|Any CPU
		{61F20371-AF09-1292-C5FE-C4D1107B4E01}.Debug|Any CPU.Build.0 = Debug|Any CPU
		{61F20371-AF09-1292-C5FE-C4D1107B4E01}.Release|Any CPU.ActiveCfg = Release|Any CPU
		{61F20371-AF09-1292-C5FE-C4D1107B4E01}.Release|Any CPU.Build.0 = Release|Any CPU
	EndGlobalSection
	GlobalSection(SolutionProperties) = preSolution
		HideSolutionNode = FALSE
	EndGlobalSection
	GlobalSection(ExtensibilityGlobals) = postSolution
		SolutionGuid = {934CEBAD-B56F-4E27-A8DB-A6E7B8F71036}
	EndGlobalSection
EndGlobal
